
Microsoft Visual Studio Solution File, Format Version 10.00
# Visual Studio 2008
Project("{FAE04EC0-301F-11D3-BF4B-00C04F79EFBC}") = "Ilog.WebService", "Ilog.WebService\Ilog.WebService.csproj", "{BB36A485-C866-4118-BF61-6AEDB915FBF0}"
EndProject
Project("{FAE04EC0-301F-11D3-BF4B-00C04F79EFBC}") = "ILog.Model", "ILog.Model\ILog.Model.csproj", "{4902DC5C-3C1A-413E-B307-951CE603EEC3}"
EndProject
Project("{FAE04EC0-301F-11D3-BF4B-00C04F79EFBC}") = "ILog.DAL", "ILog.DAL\ILog.DAL.csproj", "{C9EA16EE-4FC5-4158-8261-8C239EABD2CB}"
EndProject
Project("{FAE04EC0-301F-11D3-BF4B-00C04F79EFBC}") = "Ilog.BLL", "Ilog.BLL\Ilog.BLL.csproj", "{4224A5C6-9073-4A1D-8D71-7883364C0A91}"
EndProject
Project("{FAE04EC0-301F-11D3-BF4B-00C04F79EFBC}") = "ILog.Common", "ILog.Common\ILog.Common.csproj", "{15262C57-FA2A-4AE8-BB7F-E27124DA30DF}"
EndProject
Project("{FAE04EC0-301F-11D3-BF4B-00C04F79EFBC}") = "ILog.Web", "ILog.Web\ILog.Web.csproj", "{F4B335BC-111C-4207-AA3C-ED27403DAFEC}"
	ProjectSection(ProjectDependencies) = postProject
		{BB36A485-C866-4118-BF61-6AEDB915FBF0} = {BB36A485-C866-4118-BF61-6AEDB915FBF0}
	EndProjectSection
EndProject
Project("{FAE04EC0-301F-11D3-BF4B-00C04F79EFBC}") = "ILog.UI", "ILog.UI\ILog.UI.csproj", "{46188316-AEE2-43B6-AE28-0B828BA64E24}"
EndProject
Project("{FAE04EC0-301F-11D3-BF4B-00C04F79EFBC}") = "ILog.Manage", "ILog.Manage\ILog.Manage.csproj", "{EDB5783C-64EC-4DBD-A87C-081CA3B88E52}"
EndProject
Global
	GlobalSection(SourceCodeControl) = preSolution
		SccNumberOfProjects = 9
		SccLocalPath0 = .
		SccProjectUniqueName1 = Ilog.BLL\\Ilog.BLL.csproj
		SccLocalPath1 = .
		SccProjectFilePathRelativizedFromConnection1 = Ilog.BLL\\
		SccProjectUniqueName2 = ILog.DAL\\ILog.DAL.csproj
		SccLocalPath2 = .
		SccProjectFilePathRelativizedFromConnection2 = ILog.DAL\\
		SccProjectUniqueName3 = ILog.Model\\ILog.Model.csproj
		SccLocalPath3 = .
		SccProjectFilePathRelativizedFromConnection3 = ILog.Model\\
		SccProjectUniqueName4 = Ilog.WebService\\Ilog.WebService.csproj
		SccLocalPath4 = .
		SccProjectFilePathRelativizedFromConnection4 = Ilog.WebService\\
		SccProjectUniqueName5 = ILog.Common\\ILog.Common.csproj
		SccProjectName5 = \u0022$/网站源码/ILog/Ilog/ILog.Common\u0022,\u0020XJXAAAAA
		SccLocalPath5 = ILog.Common
		SccProjectUniqueName6 = ILog.Web\\ILog.Web.csproj
		SccProjectName6 = \u0022$/网站源码/ILog/Ilog/ILog.Web\u0022,\u0020CSWAAAAA
		SccLocalPath6 = ILog.Web
		SccProjectUniqueName7 = ILog.UI\\ILog.UI.csproj
		SccProjectName7 = \u0022$/网站源码/ILog/Ilog/ILog.UI\u0022,\u0020GVXAAAAA
		SccLocalPath7 = ILog.UI
		SccProjectUniqueName8 = ILog.Manage\\ILog.Manage.csproj
		SccLocalPath8 = .
		SccProjectFilePathRelativizedFromConnection8 = ILog.Manage\\
	EndGlobalSection
	GlobalSection(SolutionConfigurationPlatforms) = preSolution
		Debug|Any CPU = Debug|Any CPU
		Release|Any CPU = Release|Any CPU
	EndGlobalSection
	GlobalSection(ProjectConfigurationPlatforms) = postSolution
		{BB36A485-C866-4118-BF61-6AEDB915FBF0}.Debug|Any CPU.ActiveCfg = Debug|Any CPU
		{BB36A485-C866-4118-BF61-6AEDB915FBF0}.Debug|Any CPU.Build.0 = Debug|Any CPU
		{BB36A485-C866-4118-BF61-6AEDB915FBF0}.Release|Any CPU.ActiveCfg = Release|Any CPU
		{BB36A485-C866-4118-BF61-6AEDB915FBF0}.Release|Any CPU.Build.0 = Release|Any CPU
		{4902DC5C-3C1A-413E-B307-951CE603EEC3}.Debug|Any CPU.ActiveCfg = Debug|Any CPU
		{4902DC5C-3C1A-413E-B307-951CE603EEC3}.Debug|Any CPU.Build.0 = Debug|Any CPU
		{4902DC5C-3C1A-413E-B307-951CE603EEC3}.Release|Any CPU.ActiveCfg = Release|Any CPU
		{4902DC5C-3C1A-413E-B307-951CE603EEC3}.Release|Any CPU.Build.0 = Release|Any CPU
		{C9EA16EE-4FC5-4158-8261-8C239EABD2CB}.Debug|Any CPU.ActiveCfg = Debug|Any CPU
		{C9EA16EE-4FC5-4158-8261-8C239EABD2CB}.Debug|Any CPU.Build.0 = Debug|Any CPU
		{C9EA16EE-4FC5-4158-8261-8C239EABD2CB}.Release|Any CPU.ActiveCfg = Release|Any CPU
		{C9EA16EE-4FC5-4158-8261-8C239EABD2CB}.Release|Any CPU.Build.0 = Release|Any CPU
		{4224A5C6-9073-4A1D-8D71-7883364C0A91}.Debug|Any CPU.ActiveCfg = Debug|Any CPU
		{4224A5C6-9073-4A1D-8D71-7883364C0A91}.Debug|Any CPU.Build.0 = Debug|Any CPU
		{4224A5C6-9073-4A1D-8D71-7883364C0A91}.Release|Any CPU.ActiveCfg = Release|Any CPU
		{4224A5C6-9073-4A1D-8D71-7883364C0A91}.Release|Any CPU.Build.0 = Release|Any CPU
		{15262C57-FA2A-4AE8-BB7F-E27124DA30DF}.Debug|Any CPU.ActiveCfg = Debug|Any CPU
		{15262C57-FA2A-4AE8-BB7F-E27124DA30DF}.Debug|Any CPU.Build.0 = Debug|Any CPU
		{15262C57-FA2A-4AE8-BB7F-E27124DA30DF}.Release|Any CPU.ActiveCfg = Release|Any CPU
		{15262C57-FA2A-4AE8-BB7F-E27124DA30DF}.Release|Any CPU.Build.0 = Release|Any CPU
		{F4B335BC-111C-4207-AA3C-ED27403DAFEC}.Debug|Any CPU.ActiveCfg = Debug|Any CPU
		{F4B335BC-111C-4207-AA3C-ED27403DAFEC}.Debug|Any CPU.Build.0 = Debug|Any CPU
		{F4B335BC-111C-4207-AA3C-ED27403DAFEC}.Release|Any CPU.ActiveCfg = Release|Any CPU
		{F4B335BC-111C-4207-AA3C-ED27403DAFEC}.Release|Any CPU.Build.0 = Release|Any CPU
		{46188316-AEE2-43B6-AE28-0B828BA64E24}.Debug|Any CPU.ActiveCfg = Debug|Any CPU
		{46188316-AEE2-43B6-AE28-0B828BA64E24}.Debug|Any CPU.Build.0 = Debug|Any CPU
		{46188316-AEE2-43B6-AE28-0B828BA64E24}.Release|Any CPU.ActiveCfg = Release|Any CPU
		{46188316-AEE2-43B6-AE28-0B828BA64E24}.Release|Any CPU.Build.0 = Release|Any CPU
		{EDB5783C-64EC-4DBD-A87C-081CA3B88E52}.Debug|Any CPU.ActiveCfg = Debug|Any CPU
		{EDB5783C-64EC-4DBD-A87C-081CA3B88E52}.Debug|Any CPU.Build.0 = Debug|Any CPU
		{EDB5783C-64EC-4DBD-A87C-081CA3B88E52}.Release|Any CPU.ActiveCfg = Release|Any CPU
		{EDB5783C-64EC-4DBD-A87C-081CA3B88E52}.Release|Any CPU.Build.0 = Release|Any CPU
	EndGlobalSection
	GlobalSection(SolutionProperties) = preSolution
		HideSolutionNode = FALSE
	EndGlobalSection
EndGlobal
